
Microsoft Visual Studio Solution File, Format Version 12.00
# Visual Studio Version 17
VisualStudioVersion = 17.2.32630.192
MinimumVisualStudioVersion = 10.0.40219.1
Project("{9A19103F-16F7-4668-BE54-9A1E7A4F7556}") = "R5T.Bedford.Bath.Standard.Construction", "R5T.Bedford.Bath.Standard.Construction\R5T.Bedford.Bath.Standard.Construction.csproj", "{94D43B61-4E9D-4718-AF62-1D6C62BCBF9B}"
EndProject
Project("{9A19103F-16F7-4668-BE54-9A1E7A4F7556}") = "R5T.Bedford.Bath.Standard", "R5T.Bedford.Bath.Standard\R5T.Bedford.Bath.Standard.csproj", "{4E2CB50F-22C9-4D9F-8B29-73518569ACEE}"
EndProject
Project("{9A19103F-16F7-4668-BE54-9A1E7A4F7556}") = "R5T.Bedford.Bath.Standard.Testing", "R5T.Bedford.Bath.Standard.Testing\R5T.Bedford.Bath.Standard.Testing.csproj", "{D0474151-D409-48BE-8DDF-00272E581348}"
EndProject
Project("{2150E333-8FDC-42A3-9474-1A3956D46DE8}") = "_Dependencies", "_Dependencies", "{B31CFE6A-0232-4EEA-A7A8-C1327FA017C2}"
EndProject
Project("{9A19103F-16F7-4668-BE54-9A1E7A4F7556}") = "R5T.Bedford.Bath", "..\..\R5T.Bedford.Bath\source\R5T.Bedford.Bath\R5T.Bedford.Bath.csproj", "{5E4BF4B7-A943-419E-AD60-DF43259BF6FF}"
EndProject
Project("{9A19103F-16F7-4668-BE54-9A1E7A4F7556}") = "R5T.Bath.Standard", "..\..\R5T.Bath.Standard\source\R5T.Bath.Standard\R5T.Bath.Standard.csproj", "{4C2F011E-9C60-4B70-905D-735B669B9D18}"
EndProject
Project("{9A19103F-16F7-4668-BE54-9A1E7A4F7556}") = "R5T.Bath.Base", "..\..\R5T.Bath.Base\source\R5T.Bath.Base\R5T.Bath.Base.csproj", "{DC63EE11-CB73-4D34-8E22-8C7D407BDF8C}"
EndProject
Project("{9A19103F-16F7-4668-BE54-9A1E7A4F7556}") = "R5T.Bedford.Base", "..\..\R5T.Bedford.Base\source\R5T.Bedford.Base\R5T.Bedford.Base.csproj", "{E76A85AE-6EEE-42E4-9B1E-ECA310CA0E80}"
EndProject
Project("{9A19103F-16F7-4668-BE54-9A1E7A4F7556}") = "R5T.Bath.File.Standard", "..\..\R5T.Bath.File.Standard\source\R5T.Bath.File.Standard\R5T.Bath.File.Standard.csproj", "{92CCDF4A-711C-4898-958F-6F109A898E9B}"
EndProject
Project("{9A19103F-16F7-4668-BE54-9A1E7A4F7556}") = "R5T.Bath.File.Thessaloniki.Standard", "..\..\R5T.Bath.File.Thessaloniki.Standard\source\R5T.Bath.File.Thessaloniki.Standard\R5T.Bath.File.Thessaloniki.Standard.csproj", "{DD9C279E-3A87-4116-8279-900C4B1409D6}"
EndProject
Project("{9A19103F-16F7-4668-BE54-9A1E7A4F7556}") = "R5T.Bath.File.Thessaloniki", "..\..\R5T.Bath.File.Thessaloniki\source\R5T.Bath.File.Thessaloniki\R5T.Bath.File.Thessaloniki.csproj", "{0E4D7178-FC2E-4D64-9530-645983F5AB37}"
EndProject
Project("{9A19103F-16F7-4668-BE54-9A1E7A4F7556}") = "R5T.Bath.File.Default", "..\..\R5T.Bath.File.Default\source\R5T.Bath.File.Default\R5T.Bath.File.Default.csproj", "{6ADAAA54-DCBC-4DDE-AB96-DCEC0E16EACA}"
EndProject
Project("{9A19103F-16F7-4668-BE54-9A1E7A4F7556}") = "R5T.Bath.File", "..\..\R5T.Bath.File\source\R5T.Bath.File\R5T.Bath.File.csproj", "{E6B363B3-5C4E-4C16-B983-972895C8FFC8}"
EndProject
Project("{9A19103F-16F7-4668-BE54-9A1E7A4F7556}") = "R5T.Bath.Default", "..\..\R5T.Bath.Default\source\R5T.Bath.Default\R5T.Bath.Default.csproj", "{6BBEC69E-0495-460D-BCD7-9A0B861AC69F}"
EndProject
Project("{9A19103F-16F7-4668-BE54-9A1E7A4F7556}") = "R5T.Lombardy.Base", "..\..\R5T.Lombardy.Base\source\R5T.Lombardy.Base\R5T.Lombardy.Base.csproj", "{F9CD6CB0-591D-47F4-B251-8CD425EA7450}"
EndProject
Project("{9A19103F-16F7-4668-BE54-9A1E7A4F7556}") = "R5T.Thessaloniki.Base", "..\..\R5T.Thessaloniki.Base\source\R5T.Thessaloniki.Base\R5T.Thessaloniki.Base.csproj", "{87043B42-9835-407A-A746-81F59379F1D1}"
EndProject
Project("{9A19103F-16F7-4668-BE54-9A1E7A4F7556}") = "R5T.Dacia.Extensions", "..\..\R5T.Dacia.Extensions\source\R5T.Dacia.Extensions\R5T.Dacia.Extensions.csproj", "{3FD7B5E7-8117-4EBB-9185-CC2D6DFDA9C5}"
EndProject
Project("{9A19103F-16F7-4668-BE54-9A1E7A4F7556}") = "R5T.Dacia", "..\..\R5T.Dacia\source\R5T.Dacia\R5T.Dacia.csproj", "{2928D838-28B9-40F6-82EE-5CFD97A76CB6}"
EndProject
Project("{9A19103F-16F7-4668-BE54-9A1E7A4F7556}") = "R5T.Thessaloniki.Standard", "..\..\R5T.Thessaloniki.Standard\source\R5T.Thessaloniki.Standard\R5T.Thessaloniki.Standard.csproj", "{3EE90334-7A65-4573-A40E-E76BEDFAC878}"
EndProject
Project("{9A19103F-16F7-4668-BE54-9A1E7A4F7556}") = "R5T.Thessaloniki.Default", "..\..\R5T.Thessaloniki.Default\source\R5T.Thessaloniki.Default\R5T.Thessaloniki.Default.csproj", "{8AE73D76-07BF-4238-9393-95D0E9CCB31D}"
EndProject
Project("{9A19103F-16F7-4668-BE54-9A1E7A4F7556}") = "R5T.Lombardy.Standard", "..\..\R5T.Lombardy.Standard\source\R5T.Lombardy.Standard\R5T.Lombardy.Standard.csproj", "{B7F4F02E-57F7-4408-88DF-66D53519FD72}"
EndProject
Project("{9A19103F-16F7-4668-BE54-9A1E7A4F7556}") = "R5T.Lombardy", "..\..\R5T.Lombardy\source\R5T.Lombardy\R5T.Lombardy.csproj", "{CB65E7B6-263F-4279-9F2A-E7561F334FC6}"
EndProject
Project("{9A19103F-16F7-4668-BE54-9A1E7A4F7556}") = "R5T.Cherusci", "..\..\R5T.Cherusci\source\R5T.Cherusci\R5T.Cherusci.csproj", "{762C0D75-0AA8-4F79-AC22-CDCA88F786D9}"
EndProject
Project("{9A19103F-16F7-4668-BE54-9A1E7A4F7556}") = "R5T.Magyar", "..\..\R5T.Magyar\source\R5T.Magyar\R5T.Magyar.csproj", "{E0F2319C-CA56-4B89-B4F4-0269CB23CBBD}"
EndProject
Project("{9A19103F-16F7-4668-BE54-9A1E7A4F7556}") = "R5T.Rugia", "..\..\R5T.Rugia\source\R5T.Rugia\R5T.Rugia.csproj", "{5F92E50A-A5B5-4951-ADA0-2FDBCE1579AE}"
EndProject
Project("{9A19103F-16F7-4668-BE54-9A1E7A4F7556}") = "R5T.Rugia.Base", "..\..\R5T.Rugia.Base\source\R5T.Rugia.Base\R5T.Rugia.Base.csproj", "{66A94695-910C-46DF-ABFE-97B6A8F9B45A}"
EndProject
Project("{9A19103F-16F7-4668-BE54-9A1E7A4F7556}") = "R5T.Thessaloniki.CDrive", "..\..\R5T.Thessaloniki.CDrive\source\R5T.Thessaloniki.CDrive\R5T.Thessaloniki.CDrive.csproj", "{04E18B70-889D-4380-B2F2-0FA56BDD492F}"
EndProject
Project("{9A19103F-16F7-4668-BE54-9A1E7A4F7556}") = "R5T.Copenhagen.Standard", "..\..\R5T.Copenhagen.Standard\source\R5T.Copenhagen.Standard\R5T.Copenhagen.Standard.csproj", "{708AE768-0BB9-4DC8-B87C-60AF0FCD2F7E}"
EndProject
Project("{9A19103F-16F7-4668-BE54-9A1E7A4F7556}") = "R5T.Canterbury.Standard", "..\..\R5T.Canterbury.Standard\source\R5T.Canterbury.Standard\R5T.Canterbury.Standard.csproj", "{C058B59F-1118-4D3E-B180-97212E6E3C98}"
EndProject
Project("{9A19103F-16F7-4668-BE54-9A1E7A4F7556}") = "R5T.Canterbury.Default", "..\..\R5T.Canterbury.Default\source\R5T.Canterbury.Default\R5T.Canterbury.Default.csproj", "{681E57F3-3738-4185-8963-3FC2D785A683}"
EndProject
Project("{9A19103F-16F7-4668-BE54-9A1E7A4F7556}") = "R5T.Canterbury.Base", "..\..\R5T.Canterbury.Base\source\R5T.Canterbury.Base\R5T.Canterbury.Base.csproj", "{5FE4E40C-6BE3-442F-8AF9-27A4907B53F6}"
EndProject
Project("{9A19103F-16F7-4668-BE54-9A1E7A4F7556}") = "R5T.Copenhagen.Default", "..\..\R5T.Copenhagen.Default\source\R5T.Copenhagen.Default\R5T.Copenhagen.Default.csproj", "{46348DF9-C4AE-4BEF-81AB-D62924623156}"
EndProject
Project("{9A19103F-16F7-4668-BE54-9A1E7A4F7556}") = "R5T.Copenhagen.Base", "..\..\R5T.Copenhagen.Base\source\R5T.Copenhagen.Base\R5T.Copenhagen.Base.csproj", "{76F9F52C-775C-4686-BC35-C9D966F4CDAC}"
EndProject
Project("{9A19103F-16F7-4668-BE54-9A1E7A4F7556}") = "R5T.Thessaloniki.Copenhagen", "..\..\R5T.Thessaloniki.Copenhagen\source\R5T.Thessaloniki.Copenhagen\R5T.Thessaloniki.Copenhagen.csproj", "{F76A9105-CA03-4CB2-A8AA-8DB958CB24BF}"
EndProject
Project("{9A19103F-16F7-4668-BE54-9A1E7A4F7556}") = "R5T.Troy.Base", "..\..\R5T.Troy.Base\source\R5T.Troy.Base\R5T.Troy.Base.csproj", "{CD8A1FFA-666F-4F6A-BCAF-C5D3C7D32EC7}"
EndProject
Project("{9A19103F-16F7-4668-BE54-9A1E7A4F7556}") = "R5T.Troy.Standard", "..\..\R5T.Troy.Standard\source\R5T.Troy.Standard\R5T.Troy.Standard.csproj", "{7821B2DD-92B0-4A7D-A378-F80AA4392983}"
EndProject
Project("{9A19103F-16F7-4668-BE54-9A1E7A4F7556}") = "R5T.Troy.Default", "..\..\R5T.Troy.Default\source\R5T.Troy.Default\R5T.Troy.Default.csproj", "{538FDFCA-BEBD-4A18-A6A4-70E7D66AC66F}"
EndProject
Project("{9A19103F-16F7-4668-BE54-9A1E7A4F7556}") = "R5T.L0013", "..\..\R5T.L0013\source\R5T.L0013\R5T.L0013.csproj", "{49D401C7-601C-4818-AC8A-AA04542C3B7C}"
EndProject
Project("{9A19103F-16F7-4668-BE54-9A1E7A4F7556}") = "R5T.T0039.T002", "..\..\R5T.T0039\source\R5T.T0039.T002\R5T.T0039.T002.csproj", "{53E0AAED-92E4-40A4-A15B-6E674B5B43E0}"
EndProject
Project("{9A19103F-16F7-4668-BE54-9A1E7A4F7556}") = "R5T.T0062.X001", "..\..\R5T.T0062\source\R5T.T0062.X001\R5T.T0062.X001.csproj", "{00F4F251-E54D-48F7-A769-C9A9BE33BAD9}"
EndProject
Project("{9A19103F-16F7-4668-BE54-9A1E7A4F7556}") = "R5T.T0062", "..\..\R5T.T0062\source\R5T.T0062\R5T.T0062.csproj", "{857AB592-20B9-45C6-A52C-2EE58C657EB2}"
EndProject
Project("{9A19103F-16F7-4668-BE54-9A1E7A4F7556}") = "R5T.T0063", "..\..\R5T.T0063\source\R5T.T0063\R5T.T0063.csproj", "{DE7B5029-0D95-452D-92D5-9E339DCB3123}"
EndProject
Project("{9A19103F-16F7-4668-BE54-9A1E7A4F7556}") = "R5T.T0064.T001", "..\..\R5T.T0064\source\R5T.T0064.T001\R5T.T0064.T001.csproj", "{388F9388-D2BF-49AE-80E7-B4490B8FC0E0}"
EndProject
Project("{9A19103F-16F7-4668-BE54-9A1E7A4F7556}") = "R5T.T0064", "..\..\R5T.T0064\source\R5T.T0064\R5T.T0064.csproj", "{C04E3E2D-35C8-4272-9389-6EF3E5C17E31}"
EndProject
Project("{9A19103F-16F7-4668-BE54-9A1E7A4F7556}") = "R5T.T0143", "..\..\R5T.T0143\source\R5T.T0143\R5T.T0143.csproj", "{D933776D-5883-48F0-B0A3-923E996FFF36}"
EndProject
Global
	GlobalSection(NestedProjects) = preSolution
		{5E4BF4B7-A943-419E-AD60-DF43259BF6FF} = {B31CFE6A-0232-4EEA-A7A8-C1327FA017C2}
		{4C2F011E-9C60-4B70-905D-735B669B9D18} = {B31CFE6A-0232-4EEA-A7A8-C1327FA017C2}
		{DC63EE11-CB73-4D34-8E22-8C7D407BDF8C} = {B31CFE6A-0232-4EEA-A7A8-C1327FA017C2}
		{E76A85AE-6EEE-42E4-9B1E-ECA310CA0E80} = {B31CFE6A-0232-4EEA-A7A8-C1327FA017C2}
		{92CCDF4A-711C-4898-958F-6F109A898E9B} = {B31CFE6A-0232-4EEA-A7A8-C1327FA017C2}
		{DD9C279E-3A87-4116-8279-900C4B1409D6} = {B31CFE6A-0232-4EEA-A7A8-C1327FA017C2}
		{0E4D7178-FC2E-4D64-9530-645983F5AB37} = {B31CFE6A-0232-4EEA-A7A8-C1327FA017C2}
		{6ADAAA54-DCBC-4DDE-AB96-DCEC0E16EACA} = {B31CFE6A-0232-4EEA-A7A8-C1327FA017C2}
		{E6B363B3-5C4E-4C16-B983-972895C8FFC8} = {B31CFE6A-0232-4EEA-A7A8-C1327FA017C2}
		{6BBEC69E-0495-460D-BCD7-9A0B861AC69F} = {B31CFE6A-0232-4EEA-A7A8-C1327FA017C2}
		{F9CD6CB0-591D-47F4-B251-8CD425EA7450} = {B31CFE6A-0232-4EEA-A7A8-C1327FA017C2}
		{87043B42-9835-407A-A746-81F59379F1D1} = {B31CFE6A-0232-4EEA-A7A8-C1327FA017C2}
		{3FD7B5E7-8117-4EBB-9185-CC2D6DFDA9C5} = {B31CFE6A-0232-4EEA-A7A8-C1327FA017C2}
		{2928D838-28B9-40F6-82EE-5CFD97A76CB6} = {B31CFE6A-0232-4EEA-A7A8-C1327FA017C2}
		{3EE90334-7A65-4573-A40E-E76BEDFAC878} = {B31CFE6A-0232-4EEA-A7A8-C1327FA017C2}
		{8AE73D76-07BF-4238-9393-95D0E9CCB31D} = {B31CFE6A-0232-4EEA-A7A8-C1327FA017C2}
		{B7F4F02E-57F7-4408-88DF-66D53519FD72} = {B31CFE6A-0232-4EEA-A7A8-C1327FA017C2}
		{CB65E7B6-263F-4279-9F2A-E7561F334FC6} = {B31CFE6A-0232-4EEA-A7A8-C1327FA017C2}
		{762C0D75-0AA8-4F79-AC22-CDCA88F786D9} = {B31CFE6A-0232-4EEA-A7A8-C1327FA017C2}
		{E0F2319C-CA56-4B89-B4F4-0269CB23CBBD} = {B31CFE6A-0232-4EEA-A7A8-C1327FA017C2}
		{5F92E50A-A5B5-4951-ADA0-2FDBCE1579AE} = {B31CFE6A-0232-4EEA-A7A8-C1327FA017C2}
		{66A94695-910C-46DF-ABFE-97B6A8F9B45A} = {B31CFE6A-0232-4EEA-A7A8-C1327FA017C2}
		{04E18B70-889D-4380-B2F2-0FA56BDD492F} = {B31CFE6A-0232-4EEA-A7A8-C1327FA017C2}
		{708AE768-0BB9-4DC8-B87C-60AF0FCD2F7E} = {B31CFE6A-0232-4EEA-A7A8-C1327FA017C2}
		{C058B59F-1118-4D3E-B180-97212E6E3C98} = {B31CFE6A-0232-4EEA-A7A8-C1327FA017C2}
		{681E57F3-3738-4185-8963-3FC2D785A683} = {B31CFE6A-0232-4EEA-A7A8-C1327FA017C2}
		{5FE4E40C-6BE3-442F-8AF9-27A4907B53F6} = {B31CFE6A-0232-4EEA-A7A8-C1327FA017C2}
		{46348DF9-C4AE-4BEF-81AB-D62924623156} = {B31CFE6A-0232-4EEA-A7A8-C1327FA017C2}
		{76F9F52C-775C-4686-BC35-C9D966F4CDAC} = {B31CFE6A-0232-4EEA-A7A8-C1327FA017C2}
		{F76A9105-CA03-4CB2-A8AA-8DB958CB24BF} = {B31CFE6A-0232-4EEA-A7A8-C1327FA017C2}
		{CD8A1FFA-666F-4F6A-BCAF-C5D3C7D32EC7} = {B31CFE6A-0232-4EEA-A7A8-C1327FA017C2}
		{7821B2DD-92B0-4A7D-A378-F80AA4392983} = {B31CFE6A-0232-4EEA-A7A8-C1327FA017C2}
		{538FDFCA-BEBD-4A18-A6A4-70E7D66AC66F} = {B31CFE6A-0232-4EEA-A7A8-C1327FA017C2}
		{49D401C7-601C-4818-AC8A-AA04542C3B7C} = {B31CFE6A-0232-4EEA-A7A8-C1327FA017C2}
		{53E0AAED-92E4-40A4-A15B-6E674B5B43E0} = {B31CFE6A-0232-4EEA-A7A8-C1327FA017C2}
		{00F4F251-E54D-48F7-A769-C9A9BE33BAD9} = {B31CFE6A-0232-4EEA-A7A8-C1327FA017C2}
		{857AB592-20B9-45C6-A52C-2EE58C657EB2} = {B31CFE6A-0232-4EEA-A7A8-C1327FA017C2}
		{DE7B5029-0D95-452D-92D5-9E339DCB3123} = {B31CFE6A-0232-4EEA-A7A8-C1327FA017C2}
		{388F9388-D2BF-49AE-80E7-B4490B8FC0E0} = {B31CFE6A-0232-4EEA-A7A8-C1327FA017C2}
		{C04E3E2D-35C8-4272-9389-6EF3E5C17E31} = {B31CFE6A-0232-4EEA-A7A8-C1327FA017C2}
		{D933776D-5883-48F0-B0A3-923E996FFF36} = {B31CFE6A-0232-4EEA-A7A8-C1327FA017C2}
	EndGlobalSection
	GlobalSection(SolutionConfigurationPlatforms) = preSolution
		Debug|Any CPU = Debug|Any CPU
		Debug|x64 = Debug|x64
		Debug|x86 = Debug|x86
		Release|Any CPU = Release|Any CPU
		Release|x64 = Release|x64
		Release|x86 = Release|x86
	EndGlobalSection
	GlobalSection(ProjectConfigurationPlatforms) = postSolution
		{94D43B61-4E9D-4718-AF62-1D6C62BCBF9B}.Debug|Any CPU.ActiveCfg = Debug|Any CPU
		{94D43B61-4E9D-4718-AF62-1D6C62BCBF9B}.Debug|Any CPU.Build.0 = Debug|Any CPU
		{94D43B61-4E9D-4718-AF62-1D6C62BCBF9B}.Debug|x64.ActiveCfg = Debug|Any CPU
		{94D43B61-4E9D-4718-AF62-1D6C62BCBF9B}.Debug|x64.Build.0 = Debug|Any CPU
		{94D43B61-4E9D-4718-AF62-1D6C62BCBF9B}.Debug|x86.ActiveCfg = Debug|Any CPU
		{94D43B61-4E9D-4718-AF62-1D6C62BCBF9B}.Debug|x86.Build.0 = Debug|Any CPU
		{94D43B61-4E9D-4718-AF62-1D6C62BCBF9B}.Release|Any CPU.ActiveCfg = Release|Any CPU
		{94D43B61-4E9D-4718-AF62-1D6C62BCBF9B}.Release|Any CPU.Build.0 = Release|Any CPU
		{94D43B61-4E9D-4718-AF62-1D6C62BCBF9B}.Release|x64.ActiveCfg = Release|Any CPU
		{94D43B61-4E9D-4718-AF62-1D6C62BCBF9B}.Release|x64.Build.0 = Release|Any CPU
		{94D43B61-4E9D-4718-AF62-1D6C62BCBF9B}.Release|x86.ActiveCfg = Release|Any CPU
		{94D43B61-4E9D-4718-AF62-1D6C62BCBF9B}.Release|x86.Build.0 = Release|Any CPU
		{4E2CB50F-22C9-4D9F-8B29-73518569ACEE}.Debug|Any CPU.ActiveCfg = Debug|Any CPU
		{4E2CB50F-22C9-4D9F-8B29-73518569ACEE}.Debug|Any CPU.Build.0 = Debug|Any CPU
		{4E2CB50F-22C9-4D9F-8B29-73518569ACEE}.Debug|x64.ActiveCfg = Debug|Any CPU
		{4E2CB50F-22C9-4D9F-8B29-73518569ACEE}.Debug|x64.Build.0 = Debug|Any CPU
		{4E2CB50F-22C9-4D9F-8B29-73518569ACEE}.Debug|x86.ActiveCfg = Debug|Any CPU
		{4E2CB50F-22C9-4D9F-8B29-73518569ACEE}.Debug|x86.Build.0 = Debug|Any CPU
		{4E2CB50F-22C9-4D9F-8B29-73518569ACEE}.Release|Any CPU.ActiveCfg = Release|Any CPU
		{4E2CB50F-22C9-4D9F-8B29-73518569ACEE}.Release|Any CPU.Build.0 = Release|Any CPU
		{4E2CB50F-22C9-4D9F-8B29-73518569ACEE}.Release|x64.ActiveCfg = Release|Any CPU
		{4E2CB50F-22C9-4D9F-8B29-73518569ACEE}.Release|x64.Build.0 = Release|Any CPU
		{4E2CB50F-22C9-4D9F-8B29-73518569ACEE}.Release|x86.ActiveCfg = Release|Any CPU
		{4E2CB50F-22C9-4D9F-8B29-73518569ACEE}.Release|x86.Build.0 = Release|Any CPU
		{D0474151-D409-48BE-8DDF-00272E581348}.Debug|Any CPU.ActiveCfg = Debug|Any CPU
		{D0474151-D409-48BE-8DDF-00272E581348}.Debug|Any CPU.Build.0 = Debug|Any CPU
		{D0474151-D409-48BE-8DDF-00272E581348}.Debug|x64.ActiveCfg = Debug|Any CPU
		{D0474151-D409-48BE-8DDF-00272E581348}.Debug|x64.Build.0 = Debug|Any CPU
		{D0474151-D409-48BE-8DDF-00272E581348}.Debug|x86.ActiveCfg = Debug|Any CPU
		{D0474151-D409-48BE-8DDF-00272E581348}.Debug|x86.Build.0 = Debug|Any CPU
		{D0474151-D409-48BE-8DDF-00272E581348}.Release|Any CPU.ActiveCfg = Release|Any CPU
		{D0474151-D409-48BE-8DDF-00272E581348}.Release|Any CPU.Build.0 = Release|Any CPU
		{D0474151-D409-48BE-8DDF-00272E581348}.Release|x64.ActiveCfg = Release|Any CPU
		{D0474151-D409-48BE-8DDF-00272E581348}.Release|x64.Build.0 = Release|Any CPU
		{D0474151-D409-48BE-8DDF-00272E581348}.Release|x86.ActiveCfg = Release|Any CPU
		{D0474151-D409-48BE-8DDF-00272E581348}.Release|x86.Build.0 = Release|Any CPU
		{5E4BF4B7-A943-419E-AD60-DF43259BF6FF}.Debug|Any CPU.ActiveCfg = Debug|Any CPU
		{5E4BF4B7-A943-419E-AD60-DF43259BF6FF}.Debug|Any CPU.Build.0 = Debug|Any CPU
		{5E4BF4B7-A943-419E-AD60-DF43259BF6FF}.Debug|x64.ActiveCfg = Debug|Any CPU
		{5E4BF4B7-A943-419E-AD60-DF43259BF6FF}.Debug|x64.Build.0 = Debug|Any CPU
		{5E4BF4B7-A943-419E-AD60-DF43259BF6FF}.Debug|x86.ActiveCfg = Debug|Any CPU
		{5E4BF4B7-A943-419E-AD60-DF43259BF6FF}.Debug|x86.Build.0 = Debug|Any CPU
		{5E4BF4B7-A943-419E-AD60-DF43259BF6FF}.Release|Any CPU.ActiveCfg = Release|Any CPU
		{5E4BF4B7-A943-419E-AD60-DF43259BF6FF}.Release|Any CPU.Build.0 = Release|Any CPU
		{5E4BF4B7-A943-419E-AD60-DF43259BF6FF}.Release|x64.ActiveCfg = Release|Any CPU
		{5E4BF4B7-A943-419E-AD60-DF43259BF6FF}.Release|x64.Build.0 = Release|Any CPU
		{5E4BF4B7-A943-419E-AD60-DF43259BF6FF}.Release|x86.ActiveCfg = Release|Any CPU
		{5E4BF4B7-A943-419E-AD60-DF43259BF6FF}.Release|x86.Build.0 = Release|Any CPU
		{4C2F011E-9C60-4B70-905D-735B669B9D18}.Debug|Any CPU.ActiveCfg = Debug|Any CPU
		{4C2F011E-9C60-4B70-905D-735B669B9D18}.Debug|Any CPU.Build.0 = Debug|Any CPU
		{4C2F011E-9C60-4B70-905D-735B669B9D18}.Debug|x64.ActiveCfg = Debug|Any CPU
		{4C2F011E-9C60-4B70-905D-735B669B9D18}.Debug|x64.Build.0 = Debug|Any CPU
		{4C2F011E-9C60-4B70-905D-735B669B9D18}.Debug|x86.ActiveCfg = Debug|Any CPU
		{4C2F011E-9C60-4B70-905D-735B669B9D18}.Debug|x86.Build.0 = Debug|Any CPU
		{4C2F011E-9C60-4B70-905D-735B669B9D18}.Release|Any CPU.ActiveCfg = Release|Any CPU
		{4C2F011E-9C60-4B70-905D-735B669B9D18}.Release|Any CPU.Build.0 = Release|Any CPU
		{4C2F011E-9C60-4B70-905D-735B669B9D18}.Release|x64.ActiveCfg = Release|Any CPU
		{4C2F011E-9C60-4B70-905D-735B669B9D18}.Release|x64.Build.0 = Release|Any CPU
		{4C2F011E-9C60-4B70-905D-735B669B9D18}.Release|x86.ActiveCfg = Release|Any CPU
		{4C2F011E-9C60-4B70-905D-735B669B9D18}.Release|x86.Build.0 = Release|Any CPU
		{DC63EE11-CB73-4D34-8E22-8C7D407BDF8C}.Debug|Any CPU.ActiveCfg = Debug|Any CPU
		{DC63EE11-CB73-4D34-8E22-8C7D407BDF8C}.Debug|Any CPU.Build.0 = Debug|Any CPU
		{DC63EE11-CB73-4D34-8E22-8C7D407BDF8C}.Debug|x64.ActiveCfg = Debug|Any CPU
		{DC63EE11-CB73-4D34-8E22-8C7D407BDF8C}.Debug|x64.Build.0 = Debug|Any CPU
		{DC63EE11-CB73-4D34-8E22-8C7D407BDF8C}.Debug|x86.ActiveCfg = Debug|Any CPU
		{DC63EE11-CB73-4D34-8E22-8C7D407BDF8C}.Debug|x86.Build.0 = Debug|Any CPU
		{DC63EE11-CB73-4D34-8E22-8C7D407BDF8C}.Release|Any CPU.ActiveCfg = Release|Any CPU
		{DC63EE11-CB73-4D34-8E22-8C7D407BDF8C}.Release|Any CPU.Build.0 = Release|Any CPU
		{DC63EE11-CB73-4D34-8E22-8C7D407BDF8C}.Release|x64.ActiveCfg = Release|Any CPU
		{DC63EE11-CB73-4D34-8E22-8C7D407BDF8C}.Release|x64.Build.0 = Release|Any CPU
		{DC63EE11-CB73-4D34-8E22-8C7D407BDF8C}.Release|x86.ActiveCfg = Release|Any CPU
		{DC63EE11-CB73-4D34-8E22-8C7D407BDF8C}.Release|x86.Build.0 = Release|Any CPU
		{E76A85AE-6EEE-42E4-9B1E-ECA310CA0E80}.Debug|Any CPU.ActiveCfg = Debug|Any CPU
		{E76A85AE-6EEE-42E4-9B1E-ECA310CA0E80}.Debug|Any CPU.Build.0 = Debug|Any CPU
		{E76A85AE-6EEE-42E4-9B1E-ECA310CA0E80}.Debug|x64.ActiveCfg = Debug|Any CPU
		{E76A85AE-6EEE-42E4-9B1E-ECA310CA0E80}.Debug|x64.Build.0 = Debug|Any CPU
		{E76A85AE-6EEE-42E4-9B1E-ECA310CA0E80}.Debug|x86.ActiveCfg = Debug|Any CPU
		{E76A85AE-6EEE-42E4-9B1E-ECA310CA0E80}.Debug|x86.Build.0 = Debug|Any CPU
		{E76A85AE-6EEE-42E4-9B1E-ECA310CA0E80}.Release|Any CPU.ActiveCfg = Release|Any CPU
		{E76A85AE-6EEE-42E4-9B1E-ECA310CA0E80}.Release|Any CPU.Build.0 = Release|Any CPU
		{E76A85AE-6EEE-42E4-9B1E-ECA310CA0E80}.Release|x64.ActiveCfg = Release|Any CPU
		{E76A85AE-6EEE-42E4-9B1E-ECA310CA0E80}.Release|x64.Build.0 = Release|Any CPU
		{E76A85AE-6EEE-42E4-9B1E-ECA310CA0E80}.Release|x86.ActiveCfg = Release|Any CPU
		{E76A85AE-6EEE-42E4-9B1E-ECA310CA0E80}.Release|x86.Build.0 = Release|Any CPU
		{92CCDF4A-711C-4898-958F-6F109A898E9B}.Debug|Any CPU.ActiveCfg = Debug|Any CPU
		{92CCDF4A-711C-4898-958F-6F109A898E9B}.Debug|Any CPU.Build.0 = Debug|Any CPU
		{92CCDF4A-711C-4898-958F-6F109A898E9B}.Debug|x64.ActiveCfg = Debug|Any CPU
		{92CCDF4A-711C-4898-958F-6F109A898E9B}.Debug|x64.Build.0 = Debug|Any CPU
		{92CCDF4A-711C-4898-958F-6F109A898E9B}.Debug|x86.ActiveCfg = Debug|Any CPU
		{92CCDF4A-711C-4898-958F-6F109A898E9B}.Debug|x86.Build.0 = Debug|Any CPU
		{92CCDF4A-711C-4898-958F-6F109A898E9B}.Release|Any CPU.ActiveCfg = Release|Any CPU
		{92CCDF4A-711C-4898-958F-6F109A898E9B}.Release|Any CPU.Build.0 = Release|Any CPU
		{92CCDF4A-711C-4898-958F-6F109A898E9B}.Release|x64.ActiveCfg = Release|Any CPU
		{92CCDF4A-711C-4898-958F-6F109A898E9B}.Release|x64.Build.0 = Release|Any CPU
		{92CCDF4A-711C-4898-958F-6F109A898E9B}.Release|x86.ActiveCfg = Release|Any CPU
		{92CCDF4A-711C-4898-958F-6F109A898E9B}.Release|x86.Build.0 = Release|Any CPU
		{DD9C279E-3A87-4116-8279-900C4B1409D6}.Debug|Any CPU.ActiveCfg = Debug|Any CPU
		{DD9C279E-3A87-4116-8279-900C4B1409D6}.Debug|Any CPU.Build.0 = Debug|Any CPU
		{DD9C279E-3A87-4116-8279-900C4B1409D6}.Debug|x64.ActiveCfg = Debug|Any CPU
		{DD9C279E-3A87-4116-8279-900C4B1409D6}.Debug|x64.Build.0 = Debug|Any CPU
		{DD9C279E-3A87-4116-8279-900C4B1409D6}.Debug|x86.ActiveCfg = Debug|Any CPU
		{DD9C279E-3A87-4116-8279-900C4B1409D6}.Debug|x86.Build.0 = Debug|Any CPU
		{DD9C279E-3A87-4116-8279-900C4B1409D6}.Release|Any CPU.ActiveCfg = Release|Any CPU
		{DD9C279E-3A87-4116-8279-900C4B1409D6}.Release|Any CPU.Build.0 = Release|Any CPU
		{DD9C279E-3A87-4116-8279-900C4B1409D6}.Release|x64.ActiveCfg = Release|Any CPU
		{DD9C279E-3A87-4116-8279-900C4B1409D6}.Release|x64.Build.0 = Release|Any CPU
		{DD9C279E-3A87-4116-8279-900C4B1409D6}.Release|x86.ActiveCfg = Release|Any CPU
		{DD9C279E-3A87-4116-8279-900C4B1409D6}.Release|x86.Build.0 = Release|Any CPU
		{0E4D7178-FC2E-4D64-9530-645983F5AB37}.Debug|Any CPU.ActiveCfg = Debug|Any CPU
		{0E4D7178-FC2E-4D64-9530-645983F5AB37}.Debug|Any CPU.Build.0 = Debug|Any CPU
		{0E4D7178-FC2E-4D64-9530-645983F5AB37}.Debug|x64.ActiveCfg = Debug|Any CPU
		{0E4D7178-FC2E-4D64-9530-645983F5AB37}.Debug|x64.Build.0 = Debug|Any CPU
		{0E4D7178-FC2E-4D64-9530-645983F5AB37}.Debug|x86.ActiveCfg = Debug|Any CPU
		{0E4D7178-FC2E-4D64-9530-645983F5AB37}.Debug|x86.Build.0 = Debug|Any CPU
		{0E4D7178-FC2E-4D64-9530-645983F5AB37}.Release|Any CPU.ActiveCfg = Release|Any CPU
		{0E4D7178-FC2E-4D64-9530-645983F5AB37}.Release|Any CPU.Build.0 = Release|Any CPU
		{0E4D7178-FC2E-4D64-9530-645983F5AB37}.Release|x64.ActiveCfg = Release|Any CPU
		{0E4D7178-FC2E-4D64-9530-645983F5AB37}.Release|x64.Build.0 = Release|Any CPU
		{0E4D7178-FC2E-4D64-9530-645983F5AB37}.Release|x86.ActiveCfg = Release|Any CPU
		{0E4D7178-FC2E-4D64-9530-645983F5AB37}.Release|x86.Build.0 = Release|Any CPU
		{6ADAAA54-DCBC-4DDE-AB96-DCEC0E16EACA}.Debug|Any CPU.ActiveCfg = Debug|Any CPU
		{6ADAAA54-DCBC-4DDE-AB96-DCEC0E16EACA}.Debug|Any CPU.Build.0 = Debug|Any CPU
		{6ADAAA54-DCBC-4DDE-AB96-DCEC0E16EACA}.Debug|x64.ActiveCfg = Debug|Any CPU
		{6ADAAA54-DCBC-4DDE-AB96-DCEC0E16EACA}.Debug|x64.Build.0 = Debug|Any CPU
		{6ADAAA54-DCBC-4DDE-AB96-DCEC0E16EACA}.Debug|x86.ActiveCfg = Debug|Any CPU
		{6ADAAA54-DCBC-4DDE-AB96-DCEC0E16EACA}.Debug|x86.Build.0 = Debug|Any CPU
		{6ADAAA54-DCBC-4DDE-AB96-DCEC0E16EACA}.Release|Any CPU.ActiveCfg = Release|Any CPU
		{6ADAAA54-DCBC-4DDE-AB96-DCEC0E16EACA}.Release|Any CPU.Build.0 = Release|Any CPU
		{6ADAAA54-DCBC-4DDE-AB96-DCEC0E16EACA}.Release|x64.ActiveCfg = Release|Any CPU
		{6ADAAA54-DCBC-4DDE-AB96-DCEC0E16EACA}.Release|x64.Build.0 = Release|Any CPU
		{6ADAAA54-DCBC-4DDE-AB96-DCEC0E16EACA}.Release|x86.ActiveCfg = Release|Any CPU
		{6ADAAA54-DCBC-4DDE-AB96-DCEC0E16EACA}.Release|x86.Build.0 = Release|Any CPU
		{E6B363B3-5C4E-4C16-B983-972895C8FFC8}.Debug|Any CPU.ActiveCfg = Debug|Any CPU
		{E6B363B3-5C4E-4C16-B983-972895C8FFC8}.Debug|Any CPU.Build.0 = Debug|Any CPU
		{E6B363B3-5C4E-4C16-B983-972895C8FFC8}.Debug|x64.ActiveCfg = Debug|Any CPU
		{E6B363B3-5C4E-4C16-B983-972895C8FFC8}.Debug|x64.Build.0 = Debug|Any CPU
		{E6B363B3-5C4E-4C16-B983-972895C8FFC8}.Debug|x86.ActiveCfg = Debug|Any CPU
		{E6B363B3-5C4E-4C16-B983-972895C8FFC8}.Debug|x86.Build.0 = Debug|Any CPU
		{E6B363B3-5C4E-4C16-B983-972895C8FFC8}.Release|Any CPU.ActiveCfg = Release|Any CPU
		{E6B363B3-5C4E-4C16-B983-972895C8FFC8}.Release|Any CPU.Build.0 = Release|Any CPU
		{E6B363B3-5C4E-4C16-B983-972895C8FFC8}.Release|x64.ActiveCfg = Release|Any CPU
		{E6B363B3-5C4E-4C16-B983-972895C8FFC8}.Release|x64.Build.0 = Release|Any CPU
		{E6B363B3-5C4E-4C16-B983-972895C8FFC8}.Release|x86.ActiveCfg = Release|Any CPU
		{E6B363B3-5C4E-4C16-B983-972895C8FFC8}.Release|x86.Build.0 = Release|Any CPU
		{6BBEC69E-0495-460D-BCD7-9A0B861AC69F}.Debug|Any CPU.ActiveCfg = Debug|Any CPU
		{6BBEC69E-0495-460D-BCD7-9A0B861AC69F}.Debug|Any CPU.Build.0 = Debug|Any CPU
		{6BBEC69E-0495-460D-BCD7-9A0B861AC69F}.Debug|x64.ActiveCfg = Debug|Any CPU
		{6BBEC69E-0495-460D-BCD7-9A0B861AC69F}.Debug|x64.Build.0 = Debug|Any CPU
		{6BBEC69E-0495-460D-BCD7-9A0B861AC69F}.Debug|x86.ActiveCfg = Debug|Any CPU
		{6BBEC69E-0495-460D-BCD7-9A0B861AC69F}.Debug|x86.Build.0 = Debug|Any CPU
		{6BBEC69E-0495-460D-BCD7-9A0B861AC69F}.Release|Any CPU.ActiveCfg = Release|Any CPU
		{6BBEC69E-0495-460D-BCD7-9A0B861AC69F}.Release|Any CPU.Build.0 = Release|Any CPU
		{6BBEC69E-0495-460D-BCD7-9A0B861AC69F}.Release|x64.ActiveCfg = Release|Any CPU
		{6BBEC69E-0495-460D-BCD7-9A0B861AC69F}.Release|x64.Build.0 = Release|Any CPU
		{6BBEC69E-0495-460D-BCD7-9A0B861AC69F}.Release|x86.ActiveCfg = Release|Any CPU
		{6BBEC69E-0495-460D-BCD7-9A0B861AC69F}.Release|x86.Build.0 = Release|Any CPU
		{F9CD6CB0-591D-47F4-B251-8CD425EA7450}.Debug|Any CPU.ActiveCfg = Debug|Any CPU
		{F9CD6CB0-591D-47F4-B251-8CD425EA7450}.Debug|Any CPU.Build.0 = Debug|Any CPU
		{F9CD6CB0-591D-47F4-B251-8CD425EA7450}.Debug|x64.ActiveCfg = Debug|Any CPU
		{F9CD6CB0-591D-47F4-B251-8CD425EA7450}.Debug|x64.Build.0 = Debug|Any CPU
		{F9CD6CB0-591D-47F4-B251-8CD425EA7450}.Debug|x86.ActiveCfg = Debug|Any CPU
		{F9CD6CB0-591D-47F4-B251-8CD425EA7450}.Debug|x86.Build.0 = Debug|Any CPU
		{F9CD6CB0-591D-47F4-B251-8CD425EA7450}.Release|Any CPU.ActiveCfg = Release|Any CPU
		{F9CD6CB0-591D-47F4-B251-8CD425EA7450}.Release|Any CPU.Build.0 = Release|Any CPU
		{F9CD6CB0-591D-47F4-B251-8CD425EA7450}.Release|x64.ActiveCfg = Release|Any CPU
		{F9CD6CB0-591D-47F4-B251-8CD425EA7450}.Release|x64.Build.0 = Release|Any CPU
		{F9CD6CB0-591D-47F4-B251-8CD425EA7450}.Release|x86.ActiveCfg = Release|Any CPU
		{F9CD6CB0-591D-47F4-B251-8CD425EA7450}.Release|x86.Build.0 = Release|Any CPU
		{87043B42-9835-407A-A746-81F59379F1D1}.Debug|Any CPU.ActiveCfg = Debug|Any CPU
		{87043B42-9835-407A-A746-81F59379F1D1}.Debug|Any CPU.Build.0 = Debug|Any CPU
		{87043B42-9835-407A-A746-81F59379F1D1}.Debug|x64.ActiveCfg = Debug|Any CPU
		{87043B42-9835-407A-A746-81F59379F1D1}.Debug|x64.Build.0 = Debug|Any CPU
		{87043B42-9835-407A-A746-81F59379F1D1}.Debug|x86.ActiveCfg = Debug|Any CPU
		{87043B42-9835-407A-A746-81F59379F1D1}.Debug|x86.Build.0 = Debug|Any CPU
		{87043B42-9835-407A-A746-81F59379F1D1}.Release|Any CPU.ActiveCfg = Release|Any CPU
		{87043B42-9835-407A-A746-81F59379F1D1}.Release|Any CPU.Build.0 = Release|Any CPU
		{87043B42-9835-407A-A746-81F59379F1D1}.Release|x64.ActiveCfg = Release|Any CPU
		{87043B42-9835-407A-A746-81F59379F1D1}.Release|x64.Build.0 = Release|Any CPU
		{87043B42-9835-407A-A746-81F59379F1D1}.Release|x86.ActiveCfg = Release|Any CPU
		{87043B42-9835-407A-A746-81F59379F1D1}.Release|x86.Build.0 = Release|Any CPU
		{3FD7B5E7-8117-4EBB-9185-CC2D6DFDA9C5}.Debug|Any CPU.ActiveCfg = Debug|Any CPU
		{3FD7B5E7-8117-4EBB-9185-CC2D6DFDA9C5}.Debug|Any CPU.Build.0 = Debug|Any CPU
		{3FD7B5E7-8117-4EBB-9185-CC2D6DFDA9C5}.Debug|x64.ActiveCfg = Debug|Any CPU
		{3FD7B5E7-8117-4EBB-9185-CC2D6DFDA9C5}.Debug|x64.Build.0 = Debug|Any CPU
		{3FD7B5E7-8117-4EBB-9185-CC2D6DFDA9C5}.Debug|x86.ActiveCfg = Debug|Any CPU
		{3FD7B5E7-8117-4EBB-9185-CC2D6DFDA9C5}.Debug|x86.Build.0 = Debug|Any CPU
		{3FD7B5E7-8117-4EBB-9185-CC2D6DFDA9C5}.Release|Any CPU.ActiveCfg = Release|Any CPU
		{3FD7B5E7-8117-4EBB-9185-CC2D6DFDA9C5}.Release|Any CPU.Build.0 = Release|Any CPU
		{3FD7B5E7-8117-4EBB-9185-CC2D6DFDA9C5}.Release|x64.ActiveCfg = Release|Any CPU
		{3FD7B5E7-8117-4EBB-9185-CC2D6DFDA9C5}.Release|x64.Build.0 = Release|Any CPU
		{3FD7B5E7-8117-4EBB-9185-CC2D6DFDA9C5}.Release|x86.ActiveCfg = Release|Any CPU
		{3FD7B5E7-8117-4EBB-9185-CC2D6DFDA9C5}.Release|x86.Build.0 = Release|Any CPU
		{2928D838-28B9-40F6-82EE-5CFD97A76CB6}.Debug|Any CPU.ActiveCfg = Debug|Any CPU
		{2928D838-28B9-40F6-82EE-5CFD97A76CB6}.Debug|Any CPU.Build.0 = Debug|Any CPU
		{2928D838-28B9-40F6-82EE-5CFD97A76CB6}.Debug|x64.ActiveCfg = Debug|Any CPU
		{2928D838-28B9-40F6-82EE-5CFD97A76CB6}.Debug|x64.Build.0 = Debug|Any CPU
		{2928D838-28B9-40F6-82EE-5CFD97A76CB6}.Debug|x86.ActiveCfg = Debug|Any CPU
		{2928D838-28B9-40F6-82EE-5CFD97A76CB6}.Debug|x86.Build.0 = Debug|Any CPU
		{2928D838-28B9-40F6-82EE-5CFD97A76CB6}.Release|Any CPU.ActiveCfg = Release|Any CPU
		{2928D838-28B9-40F6-82EE-5CFD97A76CB6}.Release|Any CPU.Build.0 = Release|Any CPU
		{2928D838-28B9-40F6-82EE-5CFD97A76CB6}.Release|x64.ActiveCfg = Release|Any CPU
		{2928D838-28B9-40F6-82EE-5CFD97A76CB6}.Release|x64.Build.0 = Release|Any CPU
		{2928D838-28B9-40F6-82EE-5CFD97A76CB6}.Release|x86.ActiveCfg = Release|Any CPU
		{2928D838-28B9-40F6-82EE-5CFD97A76CB6}.Release|x86.Build.0 = Release|Any CPU
		{3EE90334-7A65-4573-A40E-E76BEDFAC878}.Debug|Any CPU.ActiveCfg = Debug|Any CPU
		{3EE90334-7A65-4573-A40E-E76BEDFAC878}.Debug|Any CPU.Build.0 = Debug|Any CPU
		{3EE90334-7A65-4573-A40E-E76BEDFAC878}.Debug|x64.ActiveCfg = Debug|Any CPU
		{3EE90334-7A65-4573-A40E-E76BEDFAC878}.Debug|x64.Build.0 = Debug|Any CPU
		{3EE90334-7A65-4573-A40E-E76BEDFAC878}.Debug|x86.ActiveCfg = Debug|Any CPU
		{3EE90334-7A65-4573-A40E-E76BEDFAC878}.Debug|x86.Build.0 = Debug|Any CPU
		{3EE90334-7A65-4573-A40E-E76BEDFAC878}.Release|Any CPU.ActiveCfg = Release|Any CPU
		{3EE90334-7A65-4573-A40E-E76BEDFAC878}.Release|Any CPU.Build.0 = Release|Any CPU
		{3EE90334-7A65-4573-A40E-E76BEDFAC878}.Release|x64.ActiveCfg = Release|Any CPU
		{3EE90334-7A65-4573-A40E-E76BEDFAC878}.Release|x64.Build.0 = Release|Any CPU
		{3EE90334-7A65-4573-A40E-E76BEDFAC878}.Release|x86.ActiveCfg = Release|Any CPU
		{3EE90334-7A65-4573-A40E-E76BEDFAC878}.Release|x86.Build.0 = Release|Any CPU
		{8AE73D76-07BF-4238-9393-95D0E9CCB31D}.Debug|Any CPU.ActiveCfg = Debug|Any CPU
		{8AE73D76-07BF-4238-9393-95D0E9CCB31D}.Debug|Any CPU.Build.0 = Debug|Any CPU
		{8AE73D76-07BF-4238-9393-95D0E9CCB31D}.Debug|x64.ActiveCfg = Debug|Any CPU
		{8AE73D76-07BF-4238-9393-95D0E9CCB31D}.Debug|x64.Build.0 = Debug|Any CPU
		{8AE73D76-07BF-4238-9393-95D0E9CCB31D}.Debug|x86.ActiveCfg = Debug|Any CPU
		{8AE73D76-07BF-4238-9393-95D0E9CCB31D}.Debug|x86.Build.0 = Debug|Any CPU
		{8AE73D76-07BF-4238-9393-95D0E9CCB31D}.Release|Any CPU.ActiveCfg = Release|Any CPU
		{8AE73D76-07BF-4238-9393-95D0E9CCB31D}.Release|Any CPU.Build.0 = Release|Any CPU
		{8AE73D76-07BF-4238-9393-95D0E9CCB31D}.Release|x64.ActiveCfg = Release|Any CPU
		{8AE73D76-07BF-4238-9393-95D0E9CCB31D}.Release|x64.Build.0 = Release|Any CPU
		{8AE73D76-07BF-4238-9393-95D0E9CCB31D}.Release|x86.ActiveCfg = Release|Any CPU
		{8AE73D76-07BF-4238-9393-95D0E9CCB31D}.Release|x86.Build.0 = Release|Any CPU
		{B7F4F02E-57F7-4408-88DF-66D53519FD72}.Debug|Any CPU.ActiveCfg = Debug|Any CPU
		{B7F4F02E-57F7-4408-88DF-66D53519FD72}.Debug|Any CPU.Build.0 = Debug|Any CPU
		{B7F4F02E-57F7-4408-88DF-66D53519FD72}.Debug|x64.ActiveCfg = Debug|Any CPU
		{B7F4F02E-57F7-4408-88DF-66D53519FD72}.Debug|x64.Build.0 = Debug|Any CPU
		{B7F4F02E-57F7-4408-88DF-66D53519FD72}.Debug|x86.ActiveCfg = Debug|Any CPU
		{B7F4F02E-57F7-4408-88DF-66D53519FD72}.Debug|x86.Build.0 = Debug|Any CPU
		{B7F4F02E-57F7-4408-88DF-66D53519FD72}.Release|Any CPU.ActiveCfg = Release|Any CPU
		{B7F4F02E-57F7-4408-88DF-66D53519FD72}.Release|Any CPU.Build.0 = Release|Any CPU
		{B7F4F02E-57F7-4408-88DF-66D53519FD72}.Release|x64.ActiveCfg = Release|Any CPU
		{B7F4F02E-57F7-4408-88DF-66D53519FD72}.Release|x64.Build.0 = Release|Any CPU
		{B7F4F02E-57F7-4408-88DF-66D53519FD72}.Release|x86.ActiveCfg = Release|Any CPU
		{B7F4F02E-57F7-4408-88DF-66D53519FD72}.Release|x86.Build.0 = Release|Any CPU
		{CB65E7B6-263F-4279-9F2A-E7561F334FC6}.Debug|Any CPU.ActiveCfg = Debug|Any CPU
		{CB65E7B6-263F-4279-9F2A-E7561F334FC6}.Debug|Any CPU.Build.0 = Debug|Any CPU
		{CB65E7B6-263F-4279-9F2A-E7561F334FC6}.Debug|x64.ActiveCfg = Debug|Any CPU
		{CB65E7B6-263F-4279-9F2A-E7561F334FC6}.Debug|x64.Build.0 = Debug|Any CPU
		{CB65E7B6-263F-4279-9F2A-E7561F334FC6}.Debug|x86.ActiveCfg = Debug|Any CPU
		{CB65E7B6-263F-4279-9F2A-E7561F334FC6}.Debug|x86.Build.0 = Debug|Any CPU
		{CB65E7B6-263F-4279-9F2A-E7561F334FC6}.Release|Any CPU.ActiveCfg = Release|Any CPU
		{CB65E7B6-263F-4279-9F2A-E7561F334FC6}.Release|Any CPU.Build.0 = Release|Any CPU
		{CB65E7B6-263F-4279-9F2A-E7561F334FC6}.Release|x64.ActiveCfg = Release|Any CPU
		{CB65E7B6-263F-4279-9F2A-E7561F334FC6}.Release|x64.Build.0 = Release|Any CPU
		{CB65E7B6-263F-4279-9F2A-E7561F334FC6}.Release|x86.ActiveCfg = Release|Any CPU
		{CB65E7B6-263F-4279-9F2A-E7561F334FC6}.Release|x86.Build.0 = Release|Any CPU
		{762C0D75-0AA8-4F79-AC22-CDCA88F786D9}.Debug|Any CPU.ActiveCfg = Debug|Any CPU
		{762C0D75-0AA8-4F79-AC22-CDCA88F786D9}.Debug|Any CPU.Build.0 = Debug|Any CPU
		{762C0D75-0AA8-4F79-AC22-CDCA88F786D9}.Debug|x64.ActiveCfg = Debug|Any CPU
		{762C0D75-0AA8-4F79-AC22-CDCA88F786D9}.Debug|x64.Build.0 = Debug|Any CPU
		{762C0D75-0AA8-4F79-AC22-CDCA88F786D9}.Debug|x86.ActiveCfg = Debug|Any CPU
		{762C0D75-0AA8-4F79-AC22-CDCA88F786D9}.Debug|x86.Build.0 = Debug|Any CPU
		{762C0D75-0AA8-4F79-AC22-CDCA88F786D9}.Release|Any CPU.ActiveCfg = Release|Any CPU
		{762C0D75-0AA8-4F79-AC22-CDCA88F786D9}.Release|Any CPU.Build.0 = Release|Any CPU
		{762C0D75-0AA8-4F79-AC22-CDCA88F786D9}.Release|x64.ActiveCfg = Release|Any CPU
		{762C0D75-0AA8-4F79-AC22-CDCA88F786D9}.Release|x64.Build.0 = Release|Any CPU
		{762C0D75-0AA8-4F79-AC22-CDCA88F786D9}.Release|x86.ActiveCfg = Release|Any CPU
		{762C0D75-0AA8-4F79-AC22-CDCA88F786D9}.Release|x86.Build.0 = Release|Any CPU
		{E0F2319C-CA56-4B89-B4F4-0269CB23CBBD}.Debug|Any CPU.ActiveCfg = Debug|Any CPU
		{E0F2319C-CA56-4B89-B4F4-0269CB23CBBD}.Debug|Any CPU.Build.0 = Debug|Any CPU
		{E0F2319C-CA56-4B89-B4F4-0269CB23CBBD}.Debug|x64.ActiveCfg = Debug|Any CPU
		{E0F2319C-CA56-4B89-B4F4-0269CB23CBBD}.Debug|x64.Build.0 = Debug|Any CPU
		{E0F2319C-CA56-4B89-B4F4-0269CB23CBBD}.Debug|x86.ActiveCfg = Debug|Any CPU
		{E0F2319C-CA56-4B89-B4F4-0269CB23CBBD}.Debug|x86.Build.0 = Debug|Any CPU
		{E0F2319C-CA56-4B89-B4F4-0269CB23CBBD}.Release|Any CPU.ActiveCfg = Release|Any CPU
		{E0F2319C-CA56-4B89-B4F4-0269CB23CBBD}.Release|Any CPU.Build.0 = Release|Any CPU
		{E0F2319C-CA56-4B89-B4F4-0269CB23CBBD}.Release|x64.ActiveCfg = Release|Any CPU
		{E0F2319C-CA56-4B89-B4F4-0269CB23CBBD}.Release|x64.Build.0 = Release|Any CPU
		{E0F2319C-CA56-4B89-B4F4-0269CB23CBBD}.Release|x86.ActiveCfg = Release|Any CPU
		{E0F2319C-CA56-4B89-B4F4-0269CB23CBBD}.Release|x86.Build.0 = Release|Any CPU
		{5F92E50A-A5B5-4951-ADA0-2FDBCE1579AE}.Debug|Any CPU.ActiveCfg = Debug|Any CPU
		{5F92E50A-A5B5-4951-ADA0-2FDBCE1579AE}.Debug|Any CPU.Build.0 = Debug|Any CPU
		{5F92E50A-A5B5-4951-ADA0-2FDBCE1579AE}.Debug|x64.ActiveCfg = Debug|Any CPU
		{5F92E50A-A5B5-4951-ADA0-2FDBCE1579AE}.Debug|x64.Build.0 = Debug|Any CPU
		{5F92E50A-A5B5-4951-ADA0-2FDBCE1579AE}.Debug|x86.ActiveCfg = Debug|Any CPU
		{5F92E50A-A5B5-4951-ADA0-2FDBCE1579AE}.Debug|x86.Build.0 = Debug|Any CPU
		{5F92E50A-A5B5-4951-ADA0-2FDBCE1579AE}.Release|Any CPU.ActiveCfg = Release|Any CPU
		{5F92E50A-A5B5-4951-ADA0-2FDBCE1579AE}.Release|Any CPU.Build.0 = Release|Any CPU
		{5F92E50A-A5B5-4951-ADA0-2FDBCE1579AE}.Release|x64.ActiveCfg = Release|Any CPU
		{5F92E50A-A5B5-4951-ADA0-2FDBCE1579AE}.Release|x64.Build.0 = Release|Any CPU
		{5F92E50A-A5B5-4951-ADA0-2FDBCE1579AE}.Release|x86.ActiveCfg = Release|Any CPU
		{5F92E50A-A5B5-4951-ADA0-2FDBCE1579AE}.Release|x86.Build.0 = Release|Any CPU
		{66A94695-910C-46DF-ABFE-97B6A8F9B45A}.Debug|Any CPU.ActiveCfg = Debug|Any CPU
		{66A94695-910C-46DF-ABFE-97B6A8F9B45A}.Debug|Any CPU.Build.0 = Debug|Any CPU
		{66A94695-910C-46DF-ABFE-97B6A8F9B45A}.Debug|x64.ActiveCfg = Debug|Any CPU
		{66A94695-910C-46DF-ABFE-97B6A8F9B45A}.Debug|x64.Build.0 = Debug|Any CPU
		{66A94695-910C-46DF-ABFE-97B6A8F9B45A}.Debug|x86.ActiveCfg = Debug|Any CPU
		{66A94695-910C-46DF-ABFE-97B6A8F9B45A}.Debug|x86.Build.0 = Debug|Any CPU
		{66A94695-910C-46DF-ABFE-97B6A8F9B45A}.Release|Any CPU.ActiveCfg = Release|Any CPU
		{66A94695-910C-46DF-ABFE-97B6A8F9B45A}.Release|Any CPU.Build.0 = Release|Any CPU
		{66A94695-910C-46DF-ABFE-97B6A8F9B45A}.Release|x64.ActiveCfg = Release|Any CPU
		{66A94695-910C-46DF-ABFE-97B6A8F9B45A}.Release|x64.Build.0 = Release|Any CPU
		{66A94695-910C-46DF-ABFE-97B6A8F9B45A}.Release|x86.ActiveCfg = Release|Any CPU
		{66A94695-910C-46DF-ABFE-97B6A8F9B45A}.Release|x86.Build.0 = Release|Any CPU
		{04E18B70-889D-4380-B2F2-0FA56BDD492F}.Debug|Any CPU.ActiveCfg = Debug|Any CPU
		{04E18B70-889D-4380-B2F2-0FA56BDD492F}.Debug|Any CPU.Build.0 = Debug|Any CPU
		{04E18B70-889D-4380-B2F2-0FA56BDD492F}.Debug|x64.ActiveCfg = Debug|Any CPU
		{04E18B70-889D-4380-B2F2-0FA56BDD492F}.Debug|x64.Build.0 = Debug|Any CPU
		{04E18B70-889D-4380-B2F2-0FA56BDD492F}.Debug|x86.ActiveCfg = Debug|Any CPU
		{04E18B70-889D-4380-B2F2-0FA56BDD492F}.Debug|x86.Build.0 = Debug|Any CPU
		{04E18B70-889D-4380-B2F2-0FA56BDD492F}.Release|Any CPU.ActiveCfg = Release|Any CPU
		{04E18B70-889D-4380-B2F2-0FA56BDD492F}.Release|Any CPU.Build.0 = Release|Any CPU
		{04E18B70-889D-4380-B2F2-0FA56BDD492F}.Release|x64.ActiveCfg = Release|Any CPU
		{04E18B70-889D-4380-B2F2-0FA56BDD492F}.Release|x64.Build.0 = Release|Any CPU
		{04E18B70-889D-4380-B2F2-0FA56BDD492F}.Release|x86.ActiveCfg = Release|Any CPU
		{04E18B70-889D-4380-B2F2-0FA56BDD492F}.Release|x86.Build.0 = Release|Any CPU
		{708AE768-0BB9-4DC8-B87C-60AF0FCD2F7E}.Debug|Any CPU.ActiveCfg = Debug|Any CPU
		{708AE768-0BB9-4DC8-B87C-60AF0FCD2F7E}.Debug|Any CPU.Build.0 = Debug|Any CPU
		{708AE768-0BB9-4DC8-B87C-60AF0FCD2F7E}.Debug|x64.ActiveCfg = Debug|Any CPU
		{708AE768-0BB9-4DC8-B87C-60AF0FCD2F7E}.Debug|x64.Build.0 = Debug|Any CPU
		{708AE768-0BB9-4DC8-B87C-60AF0FCD2F7E}.Debug|x86.ActiveCfg = Debug|Any CPU
		{708AE768-0BB9-4DC8-B87C-60AF0FCD2F7E}.Debug|x86.Build.0 = Debug|Any CPU
		{708AE768-0BB9-4DC8-B87C-60AF0FCD2F7E}.Release|Any CPU.ActiveCfg = Release|Any CPU
		{708AE768-0BB9-4DC8-B87C-60AF0FCD2F7E}.Release|Any CPU.Build.0 = Release|Any CPU
		{708AE768-0BB9-4DC8-B87C-60AF0FCD2F7E}.Release|x64.ActiveCfg = Release|Any CPU
		{708AE768-0BB9-4DC8-B87C-60AF0FCD2F7E}.Release|x64.Build.0 = Release|Any CPU
		{708AE768-0BB9-4DC8-B87C-60AF0FCD2F7E}.Release|x86.ActiveCfg = Release|Any CPU
		{708AE768-0BB9-4DC8-B87C-60AF0FCD2F7E}.Release|x86.Build.0 = Release|Any CPU
		{C058B59F-1118-4D3E-B180-97212E6E3C98}.Debug|Any CPU.ActiveCfg = Debug|Any CPU
		{C058B59F-1118-4D3E-B180-97212E6E3C98}.Debug|Any CPU.Build.0 = Debug|Any CPU
		{C058B59F-1118-4D3E-B180-97212E6E3C98}.Debug|x64.ActiveCfg = Debug|Any CPU
		{C058B59F-1118-4D3E-B180-97212E6E3C98}.Debug|x64.Build.0 = Debug|Any CPU
		{C058B59F-1118-4D3E-B180-97212E6E3C98}.Debug|x86.ActiveCfg = Debug|Any CPU
		{C058B59F-1118-4D3E-B180-97212E6E3C98}.Debug|x86.Build.0 = Debug|Any CPU
		{C058B59F-1118-4D3E-B180-97212E6E3C98}.Release|Any CPU.ActiveCfg = Release|Any CPU
		{C058B59F-1118-4D3E-B180-97212E6E3C98}.Release|Any CPU.Build.0 = Release|Any CPU
		{C058B59F-1118-4D3E-B180-97212E6E3C98}.Release|x64.ActiveCfg = Release|Any CPU
		{C058B59F-1118-4D3E-B180-97212E6E3C98}.Release|x64.Build.0 = Release|Any CPU
		{C058B59F-1118-4D3E-B180-97212E6E3C98}.Release|x86.ActiveCfg = Release|Any CPU
		{C058B59F-1118-4D3E-B180-97212E6E3C98}.Release|x86.Build.0 = Release|Any CPU
		{681E57F3-3738-4185-8963-3FC2D785A683}.Debug|Any CPU.ActiveCfg = Debug|Any CPU
		{681E57F3-3738-4185-8963-3FC2D785A683}.Debug|Any CPU.Build.0 = Debug|Any CPU
		{681E57F3-3738-4185-8963-3FC2D785A683}.Debug|x64.ActiveCfg = Debug|Any CPU
		{681E57F3-3738-4185-8963-3FC2D785A683}.Debug|x64.Build.0 = Debug|Any CPU
		{681E57F3-3738-4185-8963-3FC2D785A683}.Debug|x86.ActiveCfg = Debug|Any CPU
		{681E57F3-3738-4185-8963-3FC2D785A683}.Debug|x86.Build.0 = Debug|Any CPU
		{681E57F3-3738-4185-8963-3FC2D785A683}.Release|Any CPU.ActiveCfg = Release|Any CPU
		{681E57F3-3738-4185-8963-3FC2D785A683}.Release|Any CPU.Build.0 = Release|Any CPU
		{681E57F3-3738-4185-8963-3FC2D785A683}.Release|x64.ActiveCfg = Release|Any CPU
		{681E57F3-3738-4185-8963-3FC2D785A683}.Release|x64.Build.0 = Release|Any CPU
		{681E57F3-3738-4185-8963-3FC2D785A683}.Release|x86.ActiveCfg = Release|Any CPU
		{681E57F3-3738-4185-8963-3FC2D785A683}.Release|x86.Build.0 = Release|Any CPU
		{5FE4E40C-6BE3-442F-8AF9-27A4907B53F6}.Debug|Any CPU.ActiveCfg = Debug|Any CPU
		{5FE4E40C-6BE3-442F-8AF9-27A4907B53F6}.Debug|Any CPU.Build.0 = Debug|Any CPU
		{5FE4E40C-6BE3-442F-8AF9-27A4907B53F6}.Debug|x64.ActiveCfg = Debug|Any CPU
		{5FE4E40C-6BE3-442F-8AF9-27A4907B53F6}.Debug|x64.Build.0 = Debug|Any CPU
		{5FE4E40C-6BE3-442F-8AF9-27A4907B53F6}.Debug|x86.ActiveCfg = Debug|Any CPU
		{5FE4E40C-6BE3-442F-8AF9-27A4907B53F6}.Debug|x86.Build.0 = Debug|Any CPU
		{5FE4E40C-6BE3-442F-8AF9-27A4907B53F6}.Release|Any CPU.ActiveCfg = Release|Any CPU
		{5FE4E40C-6BE3-442F-8AF9-27A4907B53F6}.Release|Any CPU.Build.0 = Release|Any CPU
		{5FE4E40C-6BE3-442F-8AF9-27A4907B53F6}.Release|x64.ActiveCfg = Release|Any CPU
		{5FE4E40C-6BE3-442F-8AF9-27A4907B53F6}.Release|x64.Build.0 = Release|Any CPU
		{5FE4E40C-6BE3-442F-8AF9-27A4907B53F6}.Release|x86.ActiveCfg = Release|Any CPU
		{5FE4E40C-6BE3-442F-8AF9-27A4907B53F6}.Release|x86.Build.0 = Release|Any CPU
		{46348DF9-C4AE-4BEF-81AB-D62924623156}.Debug|Any CPU.ActiveCfg = Debug|Any CPU
		{46348DF9-C4AE-4BEF-81AB-D62924623156}.Debug|Any CPU.Build.0 = Debug|Any CPU
		{46348DF9-C4AE-4BEF-81AB-D62924623156}.Debug|x64.ActiveCfg = Debug|Any CPU
		{46348DF9-C4AE-4BEF-81AB-D62924623156}.Debug|x64.Build.0 = Debug|Any CPU
		{46348DF9-C4AE-4BEF-81AB-D62924623156}.Debug|x86.ActiveCfg = Debug|Any CPU
		{46348DF9-C4AE-4BEF-81AB-D62924623156}.Debug|x86.Build.0 = Debug|Any CPU
		{46348DF9-C4AE-4BEF-81AB-D62924623156}.Release|Any CPU.ActiveCfg = Release|Any CPU
		{46348DF9-C4AE-4BEF-81AB-D62924623156}.Release|Any CPU.Build.0 = Release|Any CPU
		{46348DF9-C4AE-4BEF-81AB-D62924623156}.Release|x64.ActiveCfg = Release|Any CPU
		{46348DF9-C4AE-4BEF-81AB-D62924623156}.Release|x64.Build.0 = Release|Any CPU
		{46348DF9-C4AE-4BEF-81AB-D62924623156}.Release|x86.ActiveCfg = Release|Any CPU
		{46348DF9-C4AE-4BEF-81AB-D62924623156}.Release|x86.Build.0 = Release|Any CPU
		{76F9F52C-775C-4686-BC35-C9D966F4CDAC}.Debug|Any CPU.ActiveCfg = Debug|Any CPU
		{76F9F52C-775C-4686-BC35-C9D966F4CDAC}.Debug|Any CPU.Build.0 = Debug|Any CPU
		{76F9F52C-775C-4686-BC35-C9D966F4CDAC}.Debug|x64.ActiveCfg = Debug|Any CPU
		{76F9F52C-775C-4686-BC35-C9D966F4CDAC}.Debug|x64.Build.0 = Debug|Any CPU
		{76F9F52C-775C-4686-BC35-C9D966F4CDAC}.Debug|x86.ActiveCfg = Debug|Any CPU
		{76F9F52C-775C-4686-BC35-C9D966F4CDAC}.Debug|x86.Build.0 = Debug|Any CPU
		{76F9F52C-775C-4686-BC35-C9D966F4CDAC}.Release|Any CPU.ActiveCfg = Release|Any CPU
		{76F9F52C-775C-4686-BC35-C9D966F4CDAC}.Release|Any CPU.Build.0 = Release|Any CPU
		{76F9F52C-775C-4686-BC35-C9D966F4CDAC}.Release|x64.ActiveCfg = Release|Any CPU
		{76F9F52C-775C-4686-BC35-C9D966F4CDAC}.Release|x64.Build.0 = Release|Any CPU
		{76F9F52C-775C-4686-BC35-C9D966F4CDAC}.Release|x86.ActiveCfg = Release|Any CPU
		{76F9F52C-775C-4686-BC35-C9D966F4CDAC}.Release|x86.Build.0 = Release|Any CPU
		{F76A9105-CA03-4CB2-A8AA-8DB958CB24BF}.Debug|Any CPU.ActiveCfg = Debug|Any CPU
		{F76A9105-CA03-4CB2-A8AA-8DB958CB24BF}.Debug|Any CPU.Build.0 = Debug|Any CPU
		{F76A9105-CA03-4CB2-A8AA-8DB958CB24BF}.Debug|x64.ActiveCfg = Debug|Any CPU
		{F76A9105-CA03-4CB2-A8AA-8DB958CB24BF}.Debug|x64.Build.0 = Debug|Any CPU
		{F76A9105-CA03-4CB2-A8AA-8DB958CB24BF}.Debug|x86.ActiveCfg = Debug|Any CPU
		{F76A9105-CA03-4CB2-A8AA-8DB958CB24BF}.Debug|x86.Build.0 = Debug|Any CPU
		{F76A9105-CA03-4CB2-A8AA-8DB958CB24BF}.Release|Any CPU.ActiveCfg = Release|Any CPU
		{F76A9105-CA03-4CB2-A8AA-8DB958CB24BF}.Release|Any CPU.Build.0 = Release|Any CPU
		{F76A9105-CA03-4CB2-A8AA-8DB958CB24BF}.Release|x64.ActiveCfg = Release|Any CPU
		{F76A9105-CA03-4CB2-A8AA-8DB958CB24BF}.Release|x64.Build.0 = Release|Any CPU
		{F76A9105-CA03-4CB2-A8AA-8DB958CB24BF}.Release|x86.ActiveCfg = Release|Any CPU
		{F76A9105-CA03-4CB2-A8AA-8DB958CB24BF}.Release|x86.Build.0 = Release|Any CPU
		{CD8A1FFA-666F-4F6A-BCAF-C5D3C7D32EC7}.Debug|Any CPU.ActiveCfg = Debug|Any CPU
		{CD8A1FFA-666F-4F6A-BCAF-C5D3C7D32EC7}.Debug|Any CPU.Build.0 = Debug|Any CPU
		{CD8A1FFA-666F-4F6A-BCAF-C5D3C7D32EC7}.Debug|x64.ActiveCfg = Debug|Any CPU
		{CD8A1FFA-666F-4F6A-BCAF-C5D3C7D32EC7}.Debug|x64.Build.0 = Debug|Any CPU
		{CD8A1FFA-666F-4F6A-BCAF-C5D3C7D32EC7}.Debug|x86.ActiveCfg = Debug|Any CPU
		{CD8A1FFA-666F-4F6A-BCAF-C5D3C7D32EC7}.Debug|x86.Build.0 = Debug|Any CPU
		{CD8A1FFA-666F-4F6A-BCAF-C5D3C7D32EC7}.Release|Any CPU.ActiveCfg = Release|Any CPU
		{CD8A1FFA-666F-4F6A-BCAF-C5D3C7D32EC7}.Release|Any CPU.Build.0 = Release|Any CPU
		{CD8A1FFA-666F-4F6A-BCAF-C5D3C7D32EC7}.Release|x64.ActiveCfg = Release|Any CPU
		{CD8A1FFA-666F-4F6A-BCAF-C5D3C7D32EC7}.Release|x64.Build.0 = Release|Any CPU
		{CD8A1FFA-666F-4F6A-BCAF-C5D3C7D32EC7}.Release|x86.ActiveCfg = Release|Any CPU
		{CD8A1FFA-666F-4F6A-BCAF-C5D3C7D32EC7}.Release|x86.Build.0 = Release|Any CPU
		{7821B2DD-92B0-4A7D-A378-F80AA4392983}.Debug|Any CPU.ActiveCfg = Debug|Any CPU
		{7821B2DD-92B0-4A7D-A378-F80AA4392983}.Debug|Any CPU.Build.0 = Debug|Any CPU
		{7821B2DD-92B0-4A7D-A378-F80AA4392983}.Debug|x64.ActiveCfg = Debug|Any CPU
		{7821B2DD-92B0-4A7D-A378-F80AA4392983}.Debug|x64.Build.0 = Debug|Any CPU
		{7821B2DD-92B0-4A7D-A378-F80AA4392983}.Debug|x86.ActiveCfg = Debug|Any CPU
		{7821B2DD-92B0-4A7D-A378-F80AA4392983}.Debug|x86.Build.0 = Debug|Any CPU
		{7821B2DD-92B0-4A7D-A378-F80AA4392983}.Release|Any CPU.ActiveCfg = Release|Any CPU
		{7821B2DD-92B0-4A7D-A378-F80AA4392983}.Release|Any CPU.Build.0 = Release|Any CPU
		{7821B2DD-92B0-4A7D-A378-F80AA4392983}.Release|x64.ActiveCfg = Release|Any CPU
		{7821B2DD-92B0-4A7D-A378-F80AA4392983}.Release|x64.Build.0 = Release|Any CPU
		{7821B2DD-92B0-4A7D-A378-F80AA4392983}.Release|x86.ActiveCfg = Release|Any CPU
		{7821B2DD-92B0-4A7D-A378-F80AA4392983}.Release|x86.Build.0 = Release|Any CPU
		{538FDFCA-BEBD-4A18-A6A4-70E7D66AC66F}.Debug|Any CPU.ActiveCfg = Debug|Any CPU
		{538FDFCA-BEBD-4A18-A6A4-70E7D66AC66F}.Debug|Any CPU.Build.0 = Debug|Any CPU
		{538FDFCA-BEBD-4A18-A6A4-70E7D66AC66F}.Debug|x64.ActiveCfg = Debug|Any CPU
		{538FDFCA-BEBD-4A18-A6A4-70E7D66AC66F}.Debug|x64.Build.0 = Debug|Any CPU
		{538FDFCA-BEBD-4A18-A6A4-70E7D66AC66F}.Debug|x86.ActiveCfg = Debug|Any CPU
		{538FDFCA-BEBD-4A18-A6A4-70E7D66AC66F}.Debug|x86.Build.0 = Debug|Any CPU
		{538FDFCA-BEBD-4A18-A6A4-70E7D66AC66F}.Release|Any CPU.ActiveCfg = Release|Any CPU
		{538FDFCA-BEBD-4A18-A6A4-70E7D66AC66F}.Release|Any CPU.Build.0 = Release|Any CPU
		{538FDFCA-BEBD-4A18-A6A4-70E7D66AC66F}.Release|x64.ActiveCfg = Release|Any CPU
		{538FDFCA-BEBD-4A18-A6A4-70E7D66AC66F}.Release|x64.Build.0 = Release|Any CPU
		{538FDFCA-BEBD-4A18-A6A4-70E7D66AC66F}.Release|x86.ActiveCfg = Release|Any CPU
		{538FDFCA-BEBD-4A18-A6A4-70E7D66AC66F}.Release|x86.Build.0 = Release|Any CPU
		{49D401C7-601C-4818-AC8A-AA04542C3B7C}.Debug|Any CPU.ActiveCfg = Debug|Any CPU
		{49D401C7-601C-4818-AC8A-AA04542C3B7C}.Debug|Any CPU.Build.0 = Debug|Any CPU
		{49D401C7-601C-4818-AC8A-AA04542C3B7C}.Debug|x64.ActiveCfg = Debug|Any CPU
		{49D401C7-601C-4818-AC8A-AA04542C3B7C}.Debug|x64.Build.0 = Debug|Any CPU
		{49D401C7-601C-4818-AC8A-AA04542C3B7C}.Debug|x86.ActiveCfg = Debug|Any CPU
		{49D401C7-601C-4818-AC8A-AA04542C3B7C}.Debug|x86.Build.0 = Debug|Any CPU
		{49D401C7-601C-4818-AC8A-AA04542C3B7C}.Release|Any CPU.ActiveCfg = Release|Any CPU
		{49D401C7-601C-4818-AC8A-AA04542C3B7C}.Release|Any CPU.Build.0 = Release|Any CPU
		{49D401C7-601C-4818-AC8A-AA04542C3B7C}.Release|x64.ActiveCfg = Release|Any CPU
		{49D401C7-601C-4818-AC8A-AA04542C3B7C}.Release|x64.Build.0 = Release|Any CPU
		{49D401C7-601C-4818-AC8A-AA04542C3B7C}.Release|x86.ActiveCfg = Release|Any CPU
		{49D401C7-601C-4818-AC8A-AA04542C3B7C}.Release|x86.Build.0 = Release|Any CPU
		{53E0AAED-92E4-40A4-A15B-6E674B5B43E0}.Debug|Any CPU.ActiveCfg = Debug|Any CPU
		{53E0AAED-92E4-40A4-A15B-6E674B5B43E0}.Debug|Any CPU.Build.0 = Debug|Any CPU
		{53E0AAED-92E4-40A4-A15B-6E674B5B43E0}.Debug|x64.ActiveCfg = Debug|Any CPU
		{53E0AAED-92E4-40A4-A15B-6E674B5B43E0}.Debug|x64.Build.0 = Debug|Any CPU
		{53E0AAED-92E4-40A4-A15B-6E674B5B43E0}.Debug|x86.ActiveCfg = Debug|Any CPU
		{53E0AAED-92E4-40A4-A15B-6E674B5B43E0}.Debug|x86.Build.0 = Debug|Any CPU
		{53E0AAED-92E4-40A4-A15B-6E674B5B43E0}.Release|Any CPU.ActiveCfg = Release|Any CPU
		{53E0AAED-92E4-40A4-A15B-6E674B5B43E0}.Release|Any CPU.Build.0 = Release|Any CPU
		{53E0AAED-92E4-40A4-A15B-6E674B5B43E0}.Release|x64.ActiveCfg = Release|Any CPU
		{53E0AAED-92E4-40A4-A15B-6E674B5B43E0}.Release|x64.Build.0 = Release|Any CPU
		{53E0AAED-92E4-40A4-A15B-6E674B5B43E0}.Release|x86.ActiveCfg = Release|Any CPU
		{53E0AAED-92E4-40A4-A15B-6E674B5B43E0}.Release|x86.Build.0 = Release|Any CPU
		{00F4F251-E54D-48F7-A769-C9A9BE33BAD9}.Debug|Any CPU.ActiveCfg = Debug|Any CPU
		{00F4F251-E54D-48F7-A769-C9A9BE33BAD9}.Debug|Any CPU.Build.0 = Debug|Any CPU
		{00F4F251-E54D-48F7-A769-C9A9BE33BAD9}.Debug|x64.ActiveCfg = Debug|Any CPU
		{00F4F251-E54D-48F7-A769-C9A9BE33BAD9}.Debug|x64.Build.0 = Debug|Any CPU
		{00F4F251-E54D-48F7-A769-C9A9BE33BAD9}.Debug|x86.ActiveCfg = Debug|Any CPU
		{00F4F251-E54D-48F7-A769-C9A9BE33BAD9}.Debug|x86.Build.0 = Debug|Any CPU
		{00F4F251-E54D-48F7-A769-C9A9BE33BAD9}.Release|Any CPU.ActiveCfg = Release|Any CPU
		{00F4F251-E54D-48F7-A769-C9A9BE33BAD9}.Release|Any CPU.Build.0 = Release|Any CPU
		{00F4F251-E54D-48F7-A769-C9A9BE33BAD9}.Release|x64.ActiveCfg = Release|Any CPU
		{00F4F251-E54D-48F7-A769-C9A9BE33BAD9}.Release|x64.Build.0 = Release|Any CPU
		{00F4F251-E54D-48F7-A769-C9A9BE33BAD9}.Release|x86.ActiveCfg = Release|Any CPU
		{00F4F251-E54D-48F7-A769-C9A9BE33BAD9}.Release|x86.Build.0 = Release|Any CPU
		{857AB592-20B9-45C6-A52C-2EE58C657EB2}.Debug|Any CPU.ActiveCfg = Debug|Any CPU
		{857AB592-20B9-45C6-A52C-2EE58C657EB2}.Debug|Any CPU.Build.0 = Debug|Any CPU
		{857AB592-20B9-45C6-A52C-2EE58C657EB2}.Debug|x64.ActiveCfg = Debug|Any CPU
		{857AB592-20B9-45C6-A52C-2EE58C657EB2}.Debug|x64.Build.0 = Debug|Any CPU
		{857AB592-20B9-45C6-A52C-2EE58C657EB2}.Debug|x86.ActiveCfg = Debug|Any CPU
		{857AB592-20B9-45C6-A52C-2EE58C657EB2}.Debug|x86.Build.0 = Debug|Any CPU
		{857AB592-20B9-45C6-A52C-2EE58C657EB2}.Release|Any CPU.ActiveCfg = Release|Any CPU
		{857AB592-20B9-45C6-A52C-2EE58C657EB2}.Release|Any CPU.Build.0 = Release|Any CPU
		{857AB592-20B9-45C6-A52C-2EE58C657EB2}.Release|x64.ActiveCfg = Release|Any CPU
		{857AB592-20B9-45C6-A52C-2EE58C657EB2}.Release|x64.Build.0 = Release|Any CPU
		{857AB592-20B9-45C6-A52C-2EE58C657EB2}.Release|x86.ActiveCfg = Release|Any CPU
		{857AB592-20B9-45C6-A52C-2EE58C657EB2}.Release|x86.Build.0 = Release|Any CPU
		{DE7B5029-0D95-452D-92D5-9E339DCB3123}.Debug|Any CPU.ActiveCfg = Debug|Any CPU
		{DE7B5029-0D95-452D-92D5-9E339DCB3123}.Debug|Any CPU.Build.0 = Debug|Any CPU
		{DE7B5029-0D95-452D-92D5-9E339DCB3123}.Debug|x64.ActiveCfg = Debug|Any CPU
		{DE7B5029-0D95-452D-92D5-9E339DCB3123}.Debug|x64.Build.0 = Debug|Any CPU
		{DE7B5029-0D95-452D-92D5-9E339DCB3123}.Debug|x86.ActiveCfg = Debug|Any CPU
		{DE7B5029-0D95-452D-92D5-9E339DCB3123}.Debug|x86.Build.0 = Debug|Any CPU
		{DE7B5029-0D95-452D-92D5-9E339DCB3123}.Release|Any CPU.ActiveCfg = Release|Any CPU
		{DE7B5029-0D95-452D-92D5-9E339DCB3123}.Release|Any CPU.Build.0 = Release|Any CPU
		{DE7B5029-0D95-452D-92D5-9E339DCB3123}.Release|x64.ActiveCfg = Release|Any CPU
		{DE7B5029-0D95-452D-92D5-9E339DCB3123}.Release|x64.Build.0 = Release|Any CPU
		{DE7B5029-0D95-452D-92D5-9E339DCB3123}.Release|x86.ActiveCfg = Release|Any CPU
		{DE7B5029-0D95-452D-92D5-9E339DCB3123}.Release|x86.Build.0 = Release|Any CPU
		{388F9388-D2BF-49AE-80E7-B4490B8FC0E0}.Debug|Any CPU.ActiveCfg = Debug|Any CPU
		{388F9388-D2BF-49AE-80E7-B4490B8FC0E0}.Debug|Any CPU.Build.0 = Debug|Any CPU
		{388F9388-D2BF-49AE-80E7-B4490B8FC0E0}.Debug|x64.ActiveCfg = Debug|Any CPU
		{388F9388-D2BF-49AE-80E7-B4490B8FC0E0}.Debug|x64.Build.0 = Debug|Any CPU
		{388F9388-D2BF-49AE-80E7-B4490B8FC0E0}.Debug|x86.ActiveCfg = Debug|Any CPU
		{388F9388-D2BF-49AE-80E7-B4490B8FC0E0}.Debug|x86.Build.0 = Debug|Any CPU
		{388F9388-D2BF-49AE-80E7-B4490B8FC0E0}.Release|Any CPU.ActiveCfg = Release|Any CPU
		{388F9388-D2BF-49AE-80E7-B4490B8FC0E0}.Release|Any CPU.Build.0 = Release|Any CPU
		{388F9388-D2BF-49AE-80E7-B4490B8FC0E0}.Release|x64.ActiveCfg = Release|Any CPU
		{388F9388-D2BF-49AE-80E7-B4490B8FC0E0}.Release|x64.Build.0 = Release|Any CPU
		{388F9388-D2BF-49AE-80E7-B4490B8FC0E0}.Release|x86.ActiveCfg = Release|Any CPU
		{388F9388-D2BF-49AE-80E7-B4490B8FC0E0}.Release|x86.Build.0 = Release|Any CPU
		{C04E3E2D-35C8-4272-9389-6EF3E5C17E31}.Debug|Any CPU.ActiveCfg = Debug|Any CPU
		{C04E3E2D-35C8-4272-9389-6EF3E5C17E31}.Debug|Any CPU.Build.0 = Debug|Any CPU
		{C04E3E2D-35C8-4272-9389-6EF3E5C17E31}.Debug|x64.ActiveCfg = Debug|Any CPU
		{C04E3E2D-35C8-4272-9389-6EF3E5C17E31}.Debug|x64.Build.0 = Debug|Any CPU
		{C04E3E2D-35C8-4272-9389-6EF3E5C17E31}.Debug|x86.ActiveCfg = Debug|Any CPU
		{C04E3E2D-35C8-4272-9389-6EF3E5C17E31}.Debug|x86.Build.0 = Debug|Any CPU
		{C04E3E2D-35C8-4272-9389-6EF3E5C17E31}.Release|Any CPU.ActiveCfg = Release|Any CPU
		{C04E3E2D-35C8-4272-9389-6EF3E5C17E31}.Release|Any CPU.Build.0 = Release|Any CPU
		{C04E3E2D-35C8-4272-9389-6EF3E5C17E31}.Release|x64.ActiveCfg = Release|Any CPU
		{C04E3E2D-35C8-4272-9389-6EF3E5C17E31}.Release|x64.Build.0 = Release|Any CPU
		{C04E3E2D-35C8-4272-9389-6EF3E5C17E31}.Release|x86.ActiveCfg = Release|Any CPU
		{C04E3E2D-35C8-4272-9389-6EF3E5C17E31}.Release|x86.Build.0 = Release|Any CPU
		{D933776D-5883-48F0-B0A3-923E996FFF36}.Debug|Any CPU.ActiveCfg = Debug|Any CPU
		{D933776D-5883-48F0-B0A3-923E996FFF36}.Debug|Any CPU.Build.0 = Debug|Any CPU
		{D933776D-5883-48F0-B0A3-923E996FFF36}.Debug|x64.ActiveCfg = Debug|Any CPU
		{D933776D-5883-48F0-B0A3-923E996FFF36}.Debug|x64.Build.0 = Debug|Any CPU
		{D933776D-5883-48F0-B0A3-923E996FFF36}.Debug|x86.ActiveCfg = Debug|Any CPU
		{D933776D-5883-48F0-B0A3-923E996FFF36}.Debug|x86.Build.0 = Debug|Any CPU
		{D933776D-5883-48F0-B0A3-923E996FFF36}.Release|Any CPU.ActiveCfg = Release|Any CPU
		{D933776D-5883-48F0-B0A3-923E996FFF36}.Release|Any CPU.Build.0 = Release|Any CPU
		{D933776D-5883-48F0-B0A3-923E996FFF36}.Release|x64.ActiveCfg = Release|Any CPU
		{D933776D-5883-48F0-B0A3-923E996FFF36}.Release|x64.Build.0 = Release|Any CPU
		{D933776D-5883-48F0-B0A3-923E996FFF36}.Release|x86.ActiveCfg = Release|Any CPU
		{D933776D-5883-48F0-B0A3-923E996FFF36}.Release|x86.Build.0 = Release|Any CPU
	EndGlobalSection
	GlobalSection(SolutionProperties) = preSolution
		HideSolutionNode = FALSE
	EndGlobalSection
	GlobalSection(ExtensibilityGlobals) = postSolution
		SolutionGuid = {E48E3298-8343-49CE-AE32-E2A687B5B28F}
	EndGlobalSection
EndGlobal
